
Microsoft Visual Studio Solution File, Format Version 12.00
# Visual Studio Version 16
VisualStudioVersion = 16.0.28803.352
MinimumVisualStudioVersion = 10.0.40219.1
Project("{FAE04EC0-301F-11D3-BF4B-00C04F79EFBC}") = "LocalMap", "LocalMap\LocalMap.csproj", "{DC8FFABC-D228-4D98-8230-919562C4CDA5}"
EndProject
Project("{9A19103F-16F7-4668-BE54-9A1E7A4F7556}") = "MapboxStyle", "MapboxStyle\MapboxStyle.csproj", "{F13BA9BA-5D97-4C50-BBA1-F61BC59DDD8D}"
EndProject
Project("{9A19103F-16F7-4668-BE54-9A1E7A4F7556}") = "MapboxVectorTile", "MapboxVectorTile\MapboxVectorTile.csproj", "{249E7A50-B958-4E29-8C7C-044541F415FB}"
EndProject
Project("{FAE04EC0-301F-11D3-BF4B-00C04F79EFBC}") = "Mapsui.UI.Uwp", "Mapsui\Mapsui.UI.Uwp\Mapsui.UI.Uwp.csproj", "{29E628D1-8E8A-49C5-B0F9-555C0F68572A}"
EndProject
Project("{9A19103F-16F7-4668-BE54-9A1E7A4F7556}") = "Mapsui", "Mapsui\Mapsui\Mapsui.csproj", "{99659BD1-A8F0-482F-BBE9-47C91CC05236}"
EndProject
Project("{9A19103F-16F7-4668-BE54-9A1E7A4F7556}") = "Mapsui.Geometries", "Mapsui\Mapsui.Geometries\Mapsui.Geometries.csproj", "{149575B8-B0F7-4214-A173-E62A6019B4CB}"
EndProject
Project("{9A19103F-16F7-4668-BE54-9A1E7A4F7556}") = "Mapsui.Rendering.Skia", "Mapsui\Mapsui.Rendering.Skia\Mapsui.Rendering.Skia.csproj", "{6DD84D6A-B81B-4469-8613-ED9B83451417}"
EndProject
Project("{FAE04EC0-301F-11D3-BF4B-00C04F79EFBC}") = "Mapsui.Samples.Uwp", "Mapsui\Samples\Mapsui.Samples.Uwp\Mapsui.Samples.Uwp.csproj", "{CA0C7AF3-03ED-42D0-A001-001E8EE095E6}"
EndProject
Project("{9A19103F-16F7-4668-BE54-9A1E7A4F7556}") = "Mapsui.Samples.Common", "Mapsui\Samples\Mapsui.Samples.Common\Mapsui.Samples.Common.csproj", "{F31AC823-BF3A-4BC0-861C-AB1ADF3CD1CC}"
EndProject
Project("{9A19103F-16F7-4668-BE54-9A1E7A4F7556}") = "Mapsui.Samples.CustomWidget", "Mapsui\Samples\Mapsui.Samples.CustomWidget\Mapsui.Samples.CustomWidget.csproj", "{BFEF3A12-4ED0-486F-BA46-E4F4E7C590A3}"
EndProject
Project("{9A19103F-16F7-4668-BE54-9A1E7A4F7556}") = "Mapsui.Tests.Common", "Mapsui\Tests\Mapsui.Tests.Common\Mapsui.Tests.Common.csproj", "{386218AE-A446-4EAE-A482-FA570FDEBCB8}"
EndProject
Global
	GlobalSection(SharedMSBuildProjectFiles) = preSolution
		Mapsui\Mapsui.UI.Shared\Mapsui.UI.Shared.projitems*{29e628d1-8e8a-49c5-b0f9-555c0f68572a}*SharedItemsImports = 4
	EndGlobalSection
	GlobalSection(SolutionConfigurationPlatforms) = preSolution
		Debug|Any CPU = Debug|Any CPU
		Debug|ARM = Debug|ARM
		Debug|ARM64 = Debug|ARM64
		Debug|x64 = Debug|x64
		Debug|x86 = Debug|x86
		Release|Any CPU = Release|Any CPU
		Release|ARM = Release|ARM
		Release|ARM64 = Release|ARM64
		Release|x64 = Release|x64
		Release|x86 = Release|x86
	EndGlobalSection
	GlobalSection(ProjectConfigurationPlatforms) = postSolution
		{DC8FFABC-D228-4D98-8230-919562C4CDA5}.Debug|Any CPU.ActiveCfg = Debug|x86
		{DC8FFABC-D228-4D98-8230-919562C4CDA5}.Debug|ARM.ActiveCfg = Debug|ARM
		{DC8FFABC-D228-4D98-8230-919562C4CDA5}.Debug|ARM.Build.0 = Debug|ARM
		{DC8FFABC-D228-4D98-8230-919562C4CDA5}.Debug|ARM.Deploy.0 = Debug|ARM
		{DC8FFABC-D228-4D98-8230-919562C4CDA5}.Debug|ARM64.ActiveCfg = Debug|ARM64
		{DC8FFABC-D228-4D98-8230-919562C4CDA5}.Debug|ARM64.Build.0 = Debug|ARM64
		{DC8FFABC-D228-4D98-8230-919562C4CDA5}.Debug|ARM64.Deploy.0 = Debug|ARM64
		{DC8FFABC-D228-4D98-8230-919562C4CDA5}.Debug|x64.ActiveCfg = Debug|x64
		{DC8FFABC-D228-4D98-8230-919562C4CDA5}.Debug|x64.Build.0 = Debug|x64
		{DC8FFABC-D228-4D98-8230-919562C4CDA5}.Debug|x64.Deploy.0 = Debug|x64
		{DC8FFABC-D228-4D98-8230-919562C4CDA5}.Debug|x86.ActiveCfg = Debug|x86
		{DC8FFABC-D228-4D98-8230-919562C4CDA5}.Debug|x86.Build.0 = Debug|x86
		{DC8FFABC-D228-4D98-8230-919562C4CDA5}.Debug|x86.Deploy.0 = Debug|x86
		{DC8FFABC-D228-4D98-8230-919562C4CDA5}.Release|Any CPU.ActiveCfg = Release|x86
		{DC8FFABC-D228-4D98-8230-919562C4CDA5}.Release|ARM.ActiveCfg = Release|ARM
		{DC8FFABC-D228-4D98-8230-919562C4CDA5}.Release|ARM.Build.0 = Release|ARM
		{DC8FFABC-D228-4D98-8230-919562C4CDA5}.Release|ARM.Deploy.0 = Release|ARM
		{DC8FFABC-D228-4D98-8230-919562C4CDA5}.Release|ARM64.ActiveCfg = Release|ARM64
		{DC8FFABC-D228-4D98-8230-919562C4CDA5}.Release|ARM64.Build.0 = Release|ARM64
		{DC8FFABC-D228-4D98-8230-919562C4CDA5}.Release|ARM64.Deploy.0 = Release|ARM64
		{DC8FFABC-D228-4D98-8230-919562C4CDA5}.Release|x64.ActiveCfg = Release|x64
		{DC8FFABC-D228-4D98-8230-919562C4CDA5}.Release|x64.Build.0 = Release|x64
		{DC8FFABC-D228-4D98-8230-919562C4CDA5}.Release|x64.Deploy.0 = Release|x64
		{DC8FFABC-D228-4D98-8230-919562C4CDA5}.Release|x86.ActiveCfg = Release|x86
		{DC8FFABC-D228-4D98-8230-919562C4CDA5}.Release|x86.Build.0 = Release|x86
		{DC8FFABC-D228-4D98-8230-919562C4CDA5}.Release|x86.Deploy.0 = Release|x86
		{F13BA9BA-5D97-4C50-BBA1-F61BC59DDD8D}.Debug|Any CPU.ActiveCfg = Debug|Any CPU
		{F13BA9BA-5D97-4C50-BBA1-F61BC59DDD8D}.Debug|Any CPU.Build.0 = Debug|Any CPU
		{F13BA9BA-5D97-4C50-BBA1-F61BC59DDD8D}.Debug|ARM.ActiveCfg = Debug|Any CPU
		{F13BA9BA-5D97-4C50-BBA1-F61BC59DDD8D}.Debug|ARM.Build.0 = Debug|Any CPU
		{F13BA9BA-5D97-4C50-BBA1-F61BC59DDD8D}.Debug|ARM64.ActiveCfg = Debug|Any CPU
		{F13BA9BA-5D97-4C50-BBA1-F61BC59DDD8D}.Debug|ARM64.Build.0 = Debug|Any CPU
		{F13BA9BA-5D97-4C50-BBA1-F61BC59DDD8D}.Debug|x64.ActiveCfg = Debug|Any CPU
		{F13BA9BA-5D97-4C50-BBA1-F61BC59DDD8D}.Debug|x64.Build.0 = Debug|Any CPU
		{F13BA9BA-5D97-4C50-BBA1-F61BC59DDD8D}.Debug|x86.ActiveCfg = Debug|Any CPU
		{F13BA9BA-5D97-4C50-BBA1-F61BC59DDD8D}.Debug|x86.Build.0 = Debug|Any CPU
		{F13BA9BA-5D97-4C50-BBA1-F61BC59DDD8D}.Release|Any CPU.ActiveCfg = Release|Any CPU
		{F13BA9BA-5D97-4C50-BBA1-F61BC59DDD8D}.Release|Any CPU.Build.0 = Release|Any CPU
		{F13BA9BA-5D97-4C50-BBA1-F61BC59DDD8D}.Release|ARM.ActiveCfg = Release|Any CPU
		{F13BA9BA-5D97-4C50-BBA1-F61BC59DDD8D}.Release|ARM.Build.0 = Release|Any CPU
		{F13BA9BA-5D97-4C50-BBA1-F61BC59DDD8D}.Release|ARM64.ActiveCfg = Release|Any CPU
		{F13BA9BA-5D97-4C50-BBA1-F61BC59DDD8D}.Release|ARM64.Build.0 = Release|Any CPU
		{F13BA9BA-5D97-4C50-BBA1-F61BC59DDD8D}.Release|x64.ActiveCfg = Release|Any CPU
		{F13BA9BA-5D97-4C50-BBA1-F61BC59DDD8D}.Release|x64.Build.0 = Release|Any CPU
		{F13BA9BA-5D97-4C50-BBA1-F61BC59DDD8D}.Release|x86.ActiveCfg = Release|Any CPU
		{F13BA9BA-5D97-4C50-BBA1-F61BC59DDD8D}.Release|x86.Build.0 = Release|Any CPU
		{249E7A50-B958-4E29-8C7C-044541F415FB}.Debug|Any CPU.ActiveCfg = Debug|Any CPU
		{249E7A50-B958-4E29-8C7C-044541F415FB}.Debug|Any CPU.Build.0 = Debug|Any CPU
		{249E7A50-B958-4E29-8C7C-044541F415FB}.Debug|ARM.ActiveCfg = Debug|Any CPU
		{249E7A50-B958-4E29-8C7C-044541F415FB}.Debug|ARM.Build.0 = Debug|Any CPU
		{249E7A50-B958-4E29-8C7C-044541F415FB}.Debug|ARM64.ActiveCfg = Debug|Any CPU
		{249E7A50-B958-4E29-8C7C-044541F415FB}.Debug|ARM64.Build.0 = Debug|Any CPU
		{249E7A50-B958-4E29-8C7C-044541F415FB}.Debug|x64.ActiveCfg = Debug|Any CPU
		{249E7A50-B958-4E29-8C7C-044541F415FB}.Debug|x64.Build.0 = Debug|Any CPU
		{249E7A50-B958-4E29-8C7C-044541F415FB}.Debug|x86.ActiveCfg = Debug|Any CPU
		{249E7A50-B958-4E29-8C7C-044541F415FB}.Debug|x86.Build.0 = Debug|Any CPU
		{249E7A50-B958-4E29-8C7C-044541F415FB}.Release|Any CPU.ActiveCfg = Release|Any CPU
		{249E7A50-B958-4E29-8C7C-044541F415FB}.Release|Any CPU.Build.0 = Release|Any CPU
		{249E7A50-B958-4E29-8C7C-044541F415FB}.Release|ARM.ActiveCfg = Release|Any CPU
		{249E7A50-B958-4E29-8C7C-044541F415FB}.Release|ARM.Build.0 = Release|Any CPU
		{249E7A50-B958-4E29-8C7C-044541F415FB}.Release|ARM64.ActiveCfg = Release|Any CPU
		{249E7A50-B958-4E29-8C7C-044541F415FB}.Release|ARM64.Build.0 = Release|Any CPU
		{249E7A50-B958-4E29-8C7C-044541F415FB}.Release|x64.ActiveCfg = Release|Any CPU
		{249E7A50-B958-4E29-8C7C-044541F415FB}.Release|x64.Build.0 = Release|Any CPU
		{249E7A50-B958-4E29-8C7C-044541F415FB}.Release|x86.ActiveCfg = Release|Any CPU
		{249E7A50-B958-4E29-8C7C-044541F415FB}.Release|x86.Build.0 = Release|Any CPU
		{29E628D1-8E8A-49C5-B0F9-555C0F68572A}.Debug|Any CPU.ActiveCfg = Debug|Any CPU
		{29E628D1-8E8A-49C5-B0F9-555C0F68572A}.Debug|Any CPU.Build.0 = Debug|Any CPU
		{29E628D1-8E8A-49C5-B0F9-555C0F68572A}.Debug|ARM.ActiveCfg = Debug|ARM
		{29E628D1-8E8A-49C5-B0F9-555C0F68572A}.Debug|ARM.Build.0 = Debug|ARM
		{29E628D1-8E8A-49C5-B0F9-555C0F68572A}.Debug|ARM64.ActiveCfg = Debug|Any CPU
		{29E628D1-8E8A-49C5-B0F9-555C0F68572A}.Debug|ARM64.Build.0 = Debug|Any CPU
		{29E628D1-8E8A-49C5-B0F9-555C0F68572A}.Debug|x64.ActiveCfg = Debug|x64
		{29E628D1-8E8A-49C5-B0F9-555C0F68572A}.Debug|x64.Build.0 = Debug|x64
		{29E628D1-8E8A-49C5-B0F9-555C0F68572A}.Debug|x86.ActiveCfg = Debug|x86
		{29E628D1-8E8A-49C5-B0F9-555C0F68572A}.Debug|x86.Build.0 = Debug|x86
		{29E628D1-8E8A-49C5-B0F9-555C0F68572A}.Release|Any CPU.ActiveCfg = Release|Any CPU
		{29E628D1-8E8A-49C5-B0F9-555C0F68572A}.Release|Any CPU.Build.0 = Release|Any CPU
		{29E628D1-8E8A-49C5-B0F9-555C0F68572A}.Release|ARM.ActiveCfg = Release|ARM
		{29E628D1-8E8A-49C5-B0F9-555C0F68572A}.Release|ARM.Build.0 = Release|ARM
		{29E628D1-8E8A-49C5-B0F9-555C0F68572A}.Release|ARM64.ActiveCfg = Release|Any CPU
		{29E628D1-8E8A-49C5-B0F9-555C0F68572A}.Release|ARM64.Build.0 = Release|Any CPU
		{29E628D1-8E8A-49C5-B0F9-555C0F68572A}.Release|x64.ActiveCfg = Release|x64
		{29E628D1-8E8A-49C5-B0F9-555C0F68572A}.Release|x64.Build.0 = Release|x64
		{29E628D1-8E8A-49C5-B0F9-555C0F68572A}.Release|x86.ActiveCfg = Release|x86
		{29E628D1-8E8A-49C5-B0F9-555C0F68572A}.Release|x86.Build.0 = Release|x86
		{99659BD1-A8F0-482F-BBE9-47C91CC05236}.Debug|Any CPU.ActiveCfg = Debug|Any CPU
		{99659BD1-A8F0-482F-BBE9-47C91CC05236}.Debug|Any CPU.Build.0 = Debug|Any CPU
		{99659BD1-A8F0-482F-BBE9-47C91CC05236}.Debug|ARM.ActiveCfg = Debug|Any CPU
		{99659BD1-A8F0-482F-BBE9-47C91CC05236}.Debug|ARM.Build.0 = Debug|Any CPU
		{99659BD1-A8F0-482F-BBE9-47C91CC05236}.Debug|ARM64.ActiveCfg = Debug|Any CPU
		{99659BD1-A8F0-482F-BBE9-47C91CC05236}.Debug|ARM64.Build.0 = Debug|Any CPU
		{99659BD1-A8F0-482F-BBE9-47C91CC05236}.Debug|x64.ActiveCfg = Debug|Any CPU
		{99659BD1-A8F0-482F-BBE9-47C91CC05236}.Debug|x64.Build.0 = Debug|Any CPU
		{99659BD1-A8F0-482F-BBE9-47C91CC05236}.Debug|x86.ActiveCfg = Debug|Any CPU
		{99659BD1-A8F0-482F-BBE9-47C91CC05236}.Debug|x86.Build.0 = Debug|Any CPU
		{99659BD1-A8F0-482F-BBE9-47C91CC05236}.Release|Any CPU.ActiveCfg = Release|Any CPU
		{99659BD1-A8F0-482F-BBE9-47C91CC05236}.Release|Any CPU.Build.0 = Release|Any CPU
		{99659BD1-A8F0-482F-BBE9-47C91CC05236}.Release|ARM.ActiveCfg = Release|Any CPU
		{99659BD1-A8F0-482F-BBE9-47C91CC05236}.Release|ARM.Build.0 = Release|Any CPU
		{99659BD1-A8F0-482F-BBE9-47C91CC05236}.Release|ARM64.ActiveCfg = Release|Any CPU
		{99659BD1-A8F0-482F-BBE9-47C91CC05236}.Release|ARM64.Build.0 = Release|Any CPU
		{99659BD1-A8F0-482F-BBE9-47C91CC05236}.Release|x64.ActiveCfg = Release|Any CPU
		{99659BD1-A8F0-482F-BBE9-47C91CC05236}.Release|x64.Build.0 = Release|Any CPU
		{99659BD1-A8F0-482F-BBE9-47C91CC05236}.Release|x86.ActiveCfg = Release|Any CPU
		{99659BD1-A8F0-482F-BBE9-47C91CC05236}.Release|x86.Build.0 = Release|Any CPU
		{149575B8-B0F7-4214-A173-E62A6019B4CB}.Debug|Any CPU.ActiveCfg = Debug|Any CPU
		{149575B8-B0F7-4214-A173-E62A6019B4CB}.Debug|Any CPU.Build.0 = Debug|Any CPU
		{149575B8-B0F7-4214-A173-E62A6019B4CB}.Debug|ARM.ActiveCfg = Debug|Any CPU
		{149575B8-B0F7-4214-A173-E62A6019B4CB}.Debug|ARM.Build.0 = Debug|Any CPU
		{149575B8-B0F7-4214-A173-E62A6019B4CB}.Debug|ARM64.ActiveCfg = Debug|Any CPU
		{149575B8-B0F7-4214-A173-E62A6019B4CB}.Debug|ARM64.Build.0 = Debug|Any CPU
		{149575B8-B0F7-4214-A173-E62A6019B4CB}.Debug|x64.ActiveCfg = Debug|Any CPU
		{149575B8-B0F7-4214-A173-E62A6019B4CB}.Debug|x64.Build.0 = Debug|Any CPU
		{149575B8-B0F7-4214-A173-E62A6019B4CB}.Debug|x86.ActiveCfg = Debug|Any CPU
		{149575B8-B0F7-4214-A173-E62A6019B4CB}.Debug|x86.Build.0 = Debug|Any CPU
		{149575B8-B0F7-4214-A173-E62A6019B4CB}.Release|Any CPU.ActiveCfg = Release|Any CPU
		{149575B8-B0F7-4214-A173-E62A6019B4CB}.Release|Any CPU.Build.0 = Release|Any CPU
		{149575B8-B0F7-4214-A173-E62A6019B4CB}.Release|ARM.ActiveCfg = Release|Any CPU
		{149575B8-B0F7-4214-A173-E62A6019B4CB}.Release|ARM.Build.0 = Release|Any CPU
		{149575B8-B0F7-4214-A173-E62A6019B4CB}.Release|ARM64.ActiveCfg = Release|Any CPU
		{149575B8-B0F7-4214-A173-E62A6019B4CB}.Release|ARM64.Build.0 = Release|Any CPU
		{149575B8-B0F7-4214-A173-E62A6019B4CB}.Release|x64.ActiveCfg = Release|Any CPU
		{149575B8-B0F7-4214-A173-E62A6019B4CB}.Release|x64.Build.0 = Release|Any CPU
		{149575B8-B0F7-4214-A173-E62A6019B4CB}.Release|x86.ActiveCfg = Release|Any CPU
		{149575B8-B0F7-4214-A173-E62A6019B4CB}.Release|x86.Build.0 = Release|Any CPU
		{6DD84D6A-B81B-4469-8613-ED9B83451417}.Debug|Any CPU.ActiveCfg = Debug|Any CPU
		{6DD84D6A-B81B-4469-8613-ED9B83451417}.Debug|Any CPU.Build.0 = Debug|Any CPU
		{6DD84D6A-B81B-4469-8613-ED9B83451417}.Debug|ARM.ActiveCfg = Debug|Any CPU
		{6DD84D6A-B81B-4469-8613-ED9B83451417}.Debug|ARM.Build.0 = Debug|Any CPU
		{6DD84D6A-B81B-4469-8613-ED9B83451417}.Debug|ARM64.ActiveCfg = Debug|Any CPU
		{6DD84D6A-B81B-4469-8613-ED9B83451417}.Debug|ARM64.Build.0 = Debug|Any CPU
		{6DD84D6A-B81B-4469-8613-ED9B83451417}.Debug|x64.ActiveCfg = Debug|Any CPU
		{6DD84D6A-B81B-4469-8613-ED9B83451417}.Debug|x64.Build.0 = Debug|Any CPU
		{6DD84D6A-B81B-4469-8613-ED9B83451417}.Debug|x86.ActiveCfg = Debug|Any CPU
		{6DD84D6A-B81B-4469-8613-ED9B83451417}.Debug|x86.Build.0 = Debug|Any CPU
		{6DD84D6A-B81B-4469-8613-ED9B83451417}.Release|Any CPU.ActiveCfg = Release|Any CPU
		{6DD84D6A-B81B-4469-8613-ED9B83451417}.Release|Any CPU.Build.0 = Release|Any CPU
		{6DD84D6A-B81B-4469-8613-ED9B83451417}.Release|ARM.ActiveCfg = Release|Any CPU
		{6DD84D6A-B81B-4469-8613-ED9B83451417}.Release|ARM.Build.0 = Release|Any CPU
		{6DD84D6A-B81B-4469-8613-ED9B83451417}.Release|ARM64.ActiveCfg = Release|Any CPU
		{6DD84D6A-B81B-4469-8613-ED9B83451417}.Release|ARM64.Build.0 = Release|Any CPU
		{6DD84D6A-B81B-4469-8613-ED9B83451417}.Release|x64.ActiveCfg = Release|Any CPU
		{6DD84D6A-B81B-4469-8613-ED9B83451417}.Release|x64.Build.0 = Release|Any CPU
		{6DD84D6A-B81B-4469-8613-ED9B83451417}.Release|x86.ActiveCfg = Release|Any CPU
		{6DD84D6A-B81B-4469-8613-ED9B83451417}.Release|x86.Build.0 = Release|Any CPU
		{CA0C7AF3-03ED-42D0-A001-001E8EE095E6}.Debug|Any CPU.ActiveCfg = Debug|x86
		{CA0C7AF3-03ED-42D0-A001-001E8EE095E6}.Debug|ARM.ActiveCfg = Debug|ARM
		{CA0C7AF3-03ED-42D0-A001-001E8EE095E6}.Debug|ARM.Build.0 = Debug|ARM
		{CA0C7AF3-03ED-42D0-A001-001E8EE095E6}.Debug|ARM.Deploy.0 = Debug|ARM
		{CA0C7AF3-03ED-42D0-A001-001E8EE095E6}.Debug|ARM64.ActiveCfg = Debug|x86
		{CA0C7AF3-03ED-42D0-A001-001E8EE095E6}.Debug|x64.ActiveCfg = Debug|x64
		{CA0C7AF3-03ED-42D0-A001-001E8EE095E6}.Debug|x64.Build.0 = Debug|x64
		{CA0C7AF3-03ED-42D0-A001-001E8EE095E6}.Debug|x64.Deploy.0 = Debug|x64
		{CA0C7AF3-03ED-42D0-A001-001E8EE095E6}.Debug|x86.ActiveCfg = Debug|x86
		{CA0C7AF3-03ED-42D0-A001-001E8EE095E6}.Debug|x86.Build.0 = Debug|x86
		{CA0C7AF3-03ED-42D0-A001-001E8EE095E6}.Debug|x86.Deploy.0 = Debug|x86
		{CA0C7AF3-03ED-42D0-A001-001E8EE095E6}.Release|Any CPU.ActiveCfg = Release|x86
		{CA0C7AF3-03ED-42D0-A001-001E8EE095E6}.Release|ARM.ActiveCfg = Release|ARM
		{CA0C7AF3-03ED-42D0-A001-001E8EE095E6}.Release|ARM.Build.0 = Release|ARM
		{CA0C7AF3-03ED-42D0-A001-001E8EE095E6}.Release|ARM.Deploy.0 = Release|ARM
		{CA0C7AF3-03ED-42D0-A001-001E8EE095E6}.Release|ARM64.ActiveCfg = Release|x86
		{CA0C7AF3-03ED-42D0-A001-001E8EE095E6}.Release|x64.ActiveCfg = Release|x64
		{CA0C7AF3-03ED-42D0-A001-001E8EE095E6}.Release|x64.Build.0 = Release|x64
		{CA0C7AF3-03ED-42D0-A001-001E8EE095E6}.Release|x64.Deploy.0 = Release|x64
		{CA0C7AF3-03ED-42D0-A001-001E8EE095E6}.Release|x86.ActiveCfg = Release|x86
		{CA0C7AF3-03ED-42D0-A001-001E8EE095E6}.Release|x86.Build.0 = Release|x86
		{CA0C7AF3-03ED-42D0-A001-001E8EE095E6}.Release|x86.Deploy.0 = Release|x86
		{F31AC823-BF3A-4BC0-861C-AB1ADF3CD1CC}.Debug|Any CPU.ActiveCfg = Debug|Any CPU
		{F31AC823-BF3A-4BC0-861C-AB1ADF3CD1CC}.Debug|Any CPU.Build.0 = Debug|Any CPU
		{F31AC823-BF3A-4BC0-861C-AB1ADF3CD1CC}.Debug|ARM.ActiveCfg = Debug|Any CPU
		{F31AC823-BF3A-4BC0-861C-AB1ADF3CD1CC}.Debug|ARM.Build.0 = Debug|Any CPU
		{F31AC823-BF3A-4BC0-861C-AB1ADF3CD1CC}.Debug|ARM64.ActiveCfg = Debug|Any CPU
		{F31AC823-BF3A-4BC0-861C-AB1ADF3CD1CC}.Debug|ARM64.Build.0 = Debug|Any CPU
		{F31AC823-BF3A-4BC0-861C-AB1ADF3CD1CC}.Debug|x64.ActiveCfg = Debug|Any CPU
		{F31AC823-BF3A-4BC0-861C-AB1ADF3CD1CC}.Debug|x64.Build.0 = Debug|Any CPU
		{F31AC823-BF3A-4BC0-861C-AB1ADF3CD1CC}.Debug|x86.ActiveCfg = Debug|Any CPU
		{F31AC823-BF3A-4BC0-861C-AB1ADF3CD1CC}.Debug|x86.Build.0 = Debug|Any CPU
		{F31AC823-BF3A-4BC0-861C-AB1ADF3CD1CC}.Release|Any CPU.ActiveCfg = Release|Any CPU
		{F31AC823-BF3A-4BC0-861C-AB1ADF3CD1CC}.Release|Any CPU.Build.0 = Release|Any CPU
		{F31AC823-BF3A-4BC0-861C-AB1ADF3CD1CC}.Release|ARM.ActiveCfg = Release|Any CPU
		{F31AC823-BF3A-4BC0-861C-AB1ADF3CD1CC}.Release|ARM.Build.0 = Release|Any CPU
		{F31AC823-BF3A-4BC0-861C-AB1ADF3CD1CC}.Release|ARM64.ActiveCfg = Release|Any CPU
		{F31AC823-BF3A-4BC0-861C-AB1ADF3CD1CC}.Release|ARM64.Build.0 = Release|Any CPU
		{F31AC823-BF3A-4BC0-861C-AB1ADF3CD1CC}.Release|x64.ActiveCfg = Release|Any CPU
		{F31AC823-BF3A-4BC0-861C-AB1ADF3CD1CC}.Release|x64.Build.0 = Release|Any CPU
		{F31AC823-BF3A-4BC0-861C-AB1ADF3CD1CC}.Release|x86.ActiveCfg = Release|Any CPU
		{F31AC823-BF3A-4BC0-861C-AB1ADF3CD1CC}.Release|x86.Build.0 = Release|Any CPU
		{BFEF3A12-4ED0-486F-BA46-E4F4E7C590A3}.Debug|Any CPU.ActiveCfg = Debug|Any CPU
		{BFEF3A12-4ED0-486F-BA46-E4F4E7C590A3}.Debug|Any CPU.Build.0 = Debug|Any CPU
		{BFEF3A12-4ED0-486F-BA46-E4F4E7C590A3}.Debug|ARM.ActiveCfg = Debug|Any CPU
		{BFEF3A12-4ED0-486F-BA46-E4F4E7C590A3}.Debug|ARM.Build.0 = Debug|Any CPU
		{BFEF3A12-4ED0-486F-BA46-E4F4E7C590A3}.Debug|ARM64.ActiveCfg = Debug|Any CPU
		{BFEF3A12-4ED0-486F-BA46-E4F4E7C590A3}.Debug|ARM64.Build.0 = Debug|Any CPU
		{BFEF3A12-4ED0-486F-BA46-E4F4E7C590A3}.Debug|x64.ActiveCfg = Debug|Any CPU
		{BFEF3A12-4ED0-486F-BA46-E4F4E7C590A3}.Debug|x64.Build.0 = Debug|Any CPU
		{BFEF3A12-4ED0-486F-BA46-E4F4E7C590A3}.Debug|x86.ActiveCfg = Debug|Any CPU
		{BFEF3A12-4ED0-486F-BA46-E4F4E7C590A3}.Debug|x86.Build.0 = Debug|Any CPU
		{BFEF3A12-4ED0-486F-BA46-E4F4E7C590A3}.Release|Any CPU.ActiveCfg = Release|Any CPU
		{BFEF3A12-4ED0-486F-BA46-E4F4E7C590A3}.Release|Any CPU.Build.0 = Release|Any CPU
		{BFEF3A12-4ED0-486F-BA46-E4F4E7C590A3}.Release|ARM.ActiveCfg = Release|Any CPU
		{BFEF3A12-4ED0-486F-BA46-E4F4E7C590A3}.Release|ARM.Build.0 = Release|Any CPU
		{BFEF3A12-4ED0-486F-BA46-E4F4E7C590A3}.Release|ARM64.ActiveCfg = Release|Any CPU
		{BFEF3A12-4ED0-486F-BA46-E4F4E7C590A3}.Release|ARM64.Build.0 = Release|Any CPU
		{BFEF3A12-4ED0-486F-BA46-E4F4E7C590A3}.Release|x64.ActiveCfg = Release|Any CPU
		{BFEF3A12-4ED0-486F-BA46-E4F4E7C590A3}.Release|x64.Build.0 = Release|Any CPU
		{BFEF3A12-4ED0-486F-BA46-E4F4E7C590A3}.Release|x86.ActiveCfg = Release|Any CPU
		{BFEF3A12-4ED0-486F-BA46-E4F4E7C590A3}.Release|x86.Build.0 = Release|Any CPU
		{386218AE-A446-4EAE-A482-FA570FDEBCB8}.Debug|Any CPU.ActiveCfg = Debug|Any CPU
		{386218AE-A446-4EAE-A482-FA570FDEBCB8}.Debug|Any CPU.Build.0 = Debug|Any CPU
		{386218AE-A446-4EAE-A482-FA570FDEBCB8}.Debug|ARM.ActiveCfg = Debug|Any CPU
		{386218AE-A446-4EAE-A482-FA570FDEBCB8}.Debug|ARM.Build.0 = Debug|Any CPU
		{386218AE-A446-4EAE-A482-FA570FDEBCB8}.Debug|ARM64.ActiveCfg = Debug|Any CPU
		{386218AE-A446-4EAE-A482-FA570FDEBCB8}.Debug|ARM64.Build.0 = Debug|Any CPU
		{386218AE-A446-4EAE-A482-FA570FDEBCB8}.Debug|x64.ActiveCfg = Debug|Any CPU
		{386218AE-A446-4EAE-A482-FA570FDEBCB8}.Debug|x64.Build.0 = Debug|Any CPU
		{386218AE-A446-4EAE-A482-FA570FDEBCB8}.Debug|x86.ActiveCfg = Debug|Any CPU
		{386218AE-A446-4EAE-A482-FA570FDEBCB8}.Debug|x86.Build.0 = Debug|Any CPU
		{386218AE-A446-4EAE-A482-FA570FDEBCB8}.Release|Any CPU.ActiveCfg = Release|Any CPU
		{386218AE-A446-4EAE-A482-FA570FDEBCB8}.Release|Any CPU.Build.0 = Release|Any CPU
		{386218AE-A446-4EAE-A482-FA570FDEBCB8}.Release|ARM.ActiveCfg = Release|Any CPU
		{386218AE-A446-4EAE-A482-FA570FDEBCB8}.Release|ARM.Build.0 = Release|Any CPU
		{386218AE-A446-4EAE-A482-FA570FDEBCB8}.Release|ARM64.ActiveCfg = Release|Any CPU
		{386218AE-A446-4EAE-A482-FA570FDEBCB8}.Release|ARM64.Build.0 = Release|Any CPU
		{386218AE-A446-4EAE-A482-FA570FDEBCB8}.Release|x64.ActiveCfg = Release|Any CPU
		{386218AE-A446-4EAE-A482-FA570FDEBCB8}.Release|x64.Build.0 = Release|Any CPU
		{386218AE-A446-4EAE-A482-FA570FDEBCB8}.Release|x86.ActiveCfg = Release|Any CPU
		{386218AE-A446-4EAE-A482-FA570FDEBCB8}.Release|x86.Build.0 = Release|Any CPU
	EndGlobalSection
	GlobalSection(SolutionProperties) = preSolution
		HideSolutionNode = FALSE
	EndGlobalSection
	GlobalSection(ExtensibilityGlobals) = postSolution
		SolutionGuid = {1107672F-6AC2-47BB-B0C1-EC3123B564BD}
	EndGlobalSection
EndGlobal
