
Microsoft Visual Studio Solution File, Format Version 12.00
# Visual Studio 15
VisualStudioVersion = 15.0.28307.421
MinimumVisualStudioVersion = 10.0.40219.1
Project("{FAE04EC0-301F-11D3-BF4B-00C04F79EFBC}") = "MapControl.UWP", "MapControl\UWP\MapControl.UWP.csproj", "{9545F73C-9C35-4CF6-BAAE-19A0BAEBD344}"
EndProject
Project("{9A19103F-16F7-4668-BE54-9A1E7A4F7556}") = "MapboxVectorTile", "MapboxVectorTile\MapboxVectorTile.csproj", "{5F0BB08B-051E-4CAC-B0EA-B6A5056CC35E}"
EndProject
Project("{FAE04EC0-301F-11D3-BF4B-00C04F79EFBC}") = "MapboxStyle", "MapboxStyle\MapboxStyle.csproj", "{FD859F86-3379-406A-A82C-3CB5CD61A6EA}"
EndProject
Project("{FAE04EC0-301F-11D3-BF4B-00C04F79EFBC}") = "MapboxStyle.Test", "MapboxStyle.Test\MapboxStyle.Test.csproj", "{EAF2C682-FB17-4DFC-B230-AA2601EEAC8B}"
EndProject
Project("{FAE04EC0-301F-11D3-BF4B-00C04F79EFBC}") = "LocalMap", "LocalMap\LocalMap.csproj", "{D5F9B34B-0228-4343-8679-A9CC76D8F9F4}"
EndProject
Global
	GlobalSection(SolutionConfigurationPlatforms) = preSolution
		Debug|Any CPU = Debug|Any CPU
		Debug|ARM = Debug|ARM
		Debug|ARM64 = Debug|ARM64
		Debug|x64 = Debug|x64
		Debug|x86 = Debug|x86
		Release|Any CPU = Release|Any CPU
		Release|ARM = Release|ARM
		Release|ARM64 = Release|ARM64
		Release|x64 = Release|x64
		Release|x86 = Release|x86
	EndGlobalSection
	GlobalSection(ProjectConfigurationPlatforms) = postSolution
		{9545F73C-9C35-4CF6-BAAE-19A0BAEBD344}.Debug|Any CPU.ActiveCfg = Debug|Any CPU
		{9545F73C-9C35-4CF6-BAAE-19A0BAEBD344}.Debug|Any CPU.Build.0 = Debug|Any CPU
		{9545F73C-9C35-4CF6-BAAE-19A0BAEBD344}.Debug|ARM.ActiveCfg = Debug|Any CPU
		{9545F73C-9C35-4CF6-BAAE-19A0BAEBD344}.Debug|ARM.Build.0 = Debug|Any CPU
		{9545F73C-9C35-4CF6-BAAE-19A0BAEBD344}.Debug|ARM64.ActiveCfg = Debug|Any CPU
		{9545F73C-9C35-4CF6-BAAE-19A0BAEBD344}.Debug|ARM64.Build.0 = Debug|Any CPU
		{9545F73C-9C35-4CF6-BAAE-19A0BAEBD344}.Debug|x64.ActiveCfg = Debug|Any CPU
		{9545F73C-9C35-4CF6-BAAE-19A0BAEBD344}.Debug|x64.Build.0 = Debug|Any CPU
		{9545F73C-9C35-4CF6-BAAE-19A0BAEBD344}.Debug|x86.ActiveCfg = Debug|Any CPU
		{9545F73C-9C35-4CF6-BAAE-19A0BAEBD344}.Debug|x86.Build.0 = Debug|Any CPU
		{9545F73C-9C35-4CF6-BAAE-19A0BAEBD344}.Release|Any CPU.ActiveCfg = Release|Any CPU
		{9545F73C-9C35-4CF6-BAAE-19A0BAEBD344}.Release|Any CPU.Build.0 = Release|Any CPU
		{9545F73C-9C35-4CF6-BAAE-19A0BAEBD344}.Release|ARM.ActiveCfg = Release|Any CPU
		{9545F73C-9C35-4CF6-BAAE-19A0BAEBD344}.Release|ARM.Build.0 = Release|Any CPU
		{9545F73C-9C35-4CF6-BAAE-19A0BAEBD344}.Release|ARM64.ActiveCfg = Release|Any CPU
		{9545F73C-9C35-4CF6-BAAE-19A0BAEBD344}.Release|ARM64.Build.0 = Release|Any CPU
		{9545F73C-9C35-4CF6-BAAE-19A0BAEBD344}.Release|x64.ActiveCfg = Release|Any CPU
		{9545F73C-9C35-4CF6-BAAE-19A0BAEBD344}.Release|x64.Build.0 = Release|Any CPU
		{9545F73C-9C35-4CF6-BAAE-19A0BAEBD344}.Release|x86.ActiveCfg = Release|Any CPU
		{9545F73C-9C35-4CF6-BAAE-19A0BAEBD344}.Release|x86.Build.0 = Release|Any CPU
		{5F0BB08B-051E-4CAC-B0EA-B6A5056CC35E}.Debug|Any CPU.ActiveCfg = Debug|Any CPU
		{5F0BB08B-051E-4CAC-B0EA-B6A5056CC35E}.Debug|Any CPU.Build.0 = Debug|Any CPU
		{5F0BB08B-051E-4CAC-B0EA-B6A5056CC35E}.Debug|ARM.ActiveCfg = Debug|Any CPU
		{5F0BB08B-051E-4CAC-B0EA-B6A5056CC35E}.Debug|ARM.Build.0 = Debug|Any CPU
		{5F0BB08B-051E-4CAC-B0EA-B6A5056CC35E}.Debug|ARM64.ActiveCfg = Debug|Any CPU
		{5F0BB08B-051E-4CAC-B0EA-B6A5056CC35E}.Debug|ARM64.Build.0 = Debug|Any CPU
		{5F0BB08B-051E-4CAC-B0EA-B6A5056CC35E}.Debug|x64.ActiveCfg = Debug|Any CPU
		{5F0BB08B-051E-4CAC-B0EA-B6A5056CC35E}.Debug|x64.Build.0 = Debug|Any CPU
		{5F0BB08B-051E-4CAC-B0EA-B6A5056CC35E}.Debug|x86.ActiveCfg = Debug|Any CPU
		{5F0BB08B-051E-4CAC-B0EA-B6A5056CC35E}.Debug|x86.Build.0 = Debug|Any CPU
		{5F0BB08B-051E-4CAC-B0EA-B6A5056CC35E}.Release|Any CPU.ActiveCfg = Release|Any CPU
		{5F0BB08B-051E-4CAC-B0EA-B6A5056CC35E}.Release|Any CPU.Build.0 = Release|Any CPU
		{5F0BB08B-051E-4CAC-B0EA-B6A5056CC35E}.Release|ARM.ActiveCfg = Release|Any CPU
		{5F0BB08B-051E-4CAC-B0EA-B6A5056CC35E}.Release|ARM.Build.0 = Release|Any CPU
		{5F0BB08B-051E-4CAC-B0EA-B6A5056CC35E}.Release|ARM64.ActiveCfg = Release|Any CPU
		{5F0BB08B-051E-4CAC-B0EA-B6A5056CC35E}.Release|ARM64.Build.0 = Release|Any CPU
		{5F0BB08B-051E-4CAC-B0EA-B6A5056CC35E}.Release|x64.ActiveCfg = Release|Any CPU
		{5F0BB08B-051E-4CAC-B0EA-B6A5056CC35E}.Release|x64.Build.0 = Release|Any CPU
		{5F0BB08B-051E-4CAC-B0EA-B6A5056CC35E}.Release|x86.ActiveCfg = Release|Any CPU
		{5F0BB08B-051E-4CAC-B0EA-B6A5056CC35E}.Release|x86.Build.0 = Release|Any CPU
		{FD859F86-3379-406A-A82C-3CB5CD61A6EA}.Debug|Any CPU.ActiveCfg = Debug|Any CPU
		{FD859F86-3379-406A-A82C-3CB5CD61A6EA}.Debug|Any CPU.Build.0 = Debug|Any CPU
		{FD859F86-3379-406A-A82C-3CB5CD61A6EA}.Debug|ARM.ActiveCfg = Debug|Any CPU
		{FD859F86-3379-406A-A82C-3CB5CD61A6EA}.Debug|ARM.Build.0 = Debug|Any CPU
		{FD859F86-3379-406A-A82C-3CB5CD61A6EA}.Debug|ARM64.ActiveCfg = Debug|Any CPU
		{FD859F86-3379-406A-A82C-3CB5CD61A6EA}.Debug|ARM64.Build.0 = Debug|Any CPU
		{FD859F86-3379-406A-A82C-3CB5CD61A6EA}.Debug|x64.ActiveCfg = Debug|Any CPU
		{FD859F86-3379-406A-A82C-3CB5CD61A6EA}.Debug|x64.Build.0 = Debug|Any CPU
		{FD859F86-3379-406A-A82C-3CB5CD61A6EA}.Debug|x86.ActiveCfg = Debug|Any CPU
		{FD859F86-3379-406A-A82C-3CB5CD61A6EA}.Debug|x86.Build.0 = Debug|Any CPU
		{FD859F86-3379-406A-A82C-3CB5CD61A6EA}.Release|Any CPU.ActiveCfg = Release|Any CPU
		{FD859F86-3379-406A-A82C-3CB5CD61A6EA}.Release|Any CPU.Build.0 = Release|Any CPU
		{FD859F86-3379-406A-A82C-3CB5CD61A6EA}.Release|ARM.ActiveCfg = Release|Any CPU
		{FD859F86-3379-406A-A82C-3CB5CD61A6EA}.Release|ARM.Build.0 = Release|Any CPU
		{FD859F86-3379-406A-A82C-3CB5CD61A6EA}.Release|ARM64.ActiveCfg = Release|Any CPU
		{FD859F86-3379-406A-A82C-3CB5CD61A6EA}.Release|ARM64.Build.0 = Release|Any CPU
		{FD859F86-3379-406A-A82C-3CB5CD61A6EA}.Release|x64.ActiveCfg = Release|Any CPU
		{FD859F86-3379-406A-A82C-3CB5CD61A6EA}.Release|x64.Build.0 = Release|Any CPU
		{FD859F86-3379-406A-A82C-3CB5CD61A6EA}.Release|x86.ActiveCfg = Release|Any CPU
		{FD859F86-3379-406A-A82C-3CB5CD61A6EA}.Release|x86.Build.0 = Release|Any CPU
		{EAF2C682-FB17-4DFC-B230-AA2601EEAC8B}.Debug|Any CPU.ActiveCfg = Debug|Any CPU
		{EAF2C682-FB17-4DFC-B230-AA2601EEAC8B}.Debug|Any CPU.Build.0 = Debug|Any CPU
		{EAF2C682-FB17-4DFC-B230-AA2601EEAC8B}.Debug|ARM.ActiveCfg = Debug|Any CPU
		{EAF2C682-FB17-4DFC-B230-AA2601EEAC8B}.Debug|ARM.Build.0 = Debug|Any CPU
		{EAF2C682-FB17-4DFC-B230-AA2601EEAC8B}.Debug|ARM64.ActiveCfg = Debug|Any CPU
		{EAF2C682-FB17-4DFC-B230-AA2601EEAC8B}.Debug|ARM64.Build.0 = Debug|Any CPU
		{EAF2C682-FB17-4DFC-B230-AA2601EEAC8B}.Debug|x64.ActiveCfg = Debug|Any CPU
		{EAF2C682-FB17-4DFC-B230-AA2601EEAC8B}.Debug|x64.Build.0 = Debug|Any CPU
		{EAF2C682-FB17-4DFC-B230-AA2601EEAC8B}.Debug|x86.ActiveCfg = Debug|Any CPU
		{EAF2C682-FB17-4DFC-B230-AA2601EEAC8B}.Debug|x86.Build.0 = Debug|Any CPU
		{EAF2C682-FB17-4DFC-B230-AA2601EEAC8B}.Release|Any CPU.ActiveCfg = Release|Any CPU
		{EAF2C682-FB17-4DFC-B230-AA2601EEAC8B}.Release|Any CPU.Build.0 = Release|Any CPU
		{EAF2C682-FB17-4DFC-B230-AA2601EEAC8B}.Release|ARM.ActiveCfg = Release|Any CPU
		{EAF2C682-FB17-4DFC-B230-AA2601EEAC8B}.Release|ARM.Build.0 = Release|Any CPU
		{EAF2C682-FB17-4DFC-B230-AA2601EEAC8B}.Release|ARM64.ActiveCfg = Release|Any CPU
		{EAF2C682-FB17-4DFC-B230-AA2601EEAC8B}.Release|ARM64.Build.0 = Release|Any CPU
		{EAF2C682-FB17-4DFC-B230-AA2601EEAC8B}.Release|x64.ActiveCfg = Release|Any CPU
		{EAF2C682-FB17-4DFC-B230-AA2601EEAC8B}.Release|x64.Build.0 = Release|Any CPU
		{EAF2C682-FB17-4DFC-B230-AA2601EEAC8B}.Release|x86.ActiveCfg = Release|Any CPU
		{EAF2C682-FB17-4DFC-B230-AA2601EEAC8B}.Release|x86.Build.0 = Release|Any CPU
		{D5F9B34B-0228-4343-8679-A9CC76D8F9F4}.Debug|Any CPU.ActiveCfg = Debug|x86
		{D5F9B34B-0228-4343-8679-A9CC76D8F9F4}.Debug|ARM.ActiveCfg = Debug|ARM
		{D5F9B34B-0228-4343-8679-A9CC76D8F9F4}.Debug|ARM.Build.0 = Debug|ARM
		{D5F9B34B-0228-4343-8679-A9CC76D8F9F4}.Debug|ARM.Deploy.0 = Debug|ARM
		{D5F9B34B-0228-4343-8679-A9CC76D8F9F4}.Debug|ARM64.ActiveCfg = Debug|ARM64
		{D5F9B34B-0228-4343-8679-A9CC76D8F9F4}.Debug|ARM64.Build.0 = Debug|ARM64
		{D5F9B34B-0228-4343-8679-A9CC76D8F9F4}.Debug|ARM64.Deploy.0 = Debug|ARM64
		{D5F9B34B-0228-4343-8679-A9CC76D8F9F4}.Debug|x64.ActiveCfg = Debug|x64
		{D5F9B34B-0228-4343-8679-A9CC76D8F9F4}.Debug|x64.Build.0 = Debug|x64
		{D5F9B34B-0228-4343-8679-A9CC76D8F9F4}.Debug|x64.Deploy.0 = Debug|x64
		{D5F9B34B-0228-4343-8679-A9CC76D8F9F4}.Debug|x86.ActiveCfg = Debug|x86
		{D5F9B34B-0228-4343-8679-A9CC76D8F9F4}.Debug|x86.Build.0 = Debug|x86
		{D5F9B34B-0228-4343-8679-A9CC76D8F9F4}.Debug|x86.Deploy.0 = Debug|x86
		{D5F9B34B-0228-4343-8679-A9CC76D8F9F4}.Release|Any CPU.ActiveCfg = Release|x86
		{D5F9B34B-0228-4343-8679-A9CC76D8F9F4}.Release|ARM.ActiveCfg = Release|ARM
		{D5F9B34B-0228-4343-8679-A9CC76D8F9F4}.Release|ARM.Build.0 = Release|ARM
		{D5F9B34B-0228-4343-8679-A9CC76D8F9F4}.Release|ARM.Deploy.0 = Release|ARM
		{D5F9B34B-0228-4343-8679-A9CC76D8F9F4}.Release|ARM64.ActiveCfg = Release|ARM64
		{D5F9B34B-0228-4343-8679-A9CC76D8F9F4}.Release|ARM64.Build.0 = Release|ARM64
		{D5F9B34B-0228-4343-8679-A9CC76D8F9F4}.Release|ARM64.Deploy.0 = Release|ARM64
		{D5F9B34B-0228-4343-8679-A9CC76D8F9F4}.Release|x64.ActiveCfg = Release|x64
		{D5F9B34B-0228-4343-8679-A9CC76D8F9F4}.Release|x64.Build.0 = Release|x64
		{D5F9B34B-0228-4343-8679-A9CC76D8F9F4}.Release|x64.Deploy.0 = Release|x64
		{D5F9B34B-0228-4343-8679-A9CC76D8F9F4}.Release|x86.ActiveCfg = Release|x86
		{D5F9B34B-0228-4343-8679-A9CC76D8F9F4}.Release|x86.Build.0 = Release|x86
		{D5F9B34B-0228-4343-8679-A9CC76D8F9F4}.Release|x86.Deploy.0 = Release|x86
	EndGlobalSection
	GlobalSection(SolutionProperties) = preSolution
		HideSolutionNode = FALSE
	EndGlobalSection
	GlobalSection(ExtensibilityGlobals) = postSolution
		SolutionGuid = {503E1BC4-2541-4F69-9789-40FFA3F6A0B0}
	EndGlobalSection
EndGlobal
